// !$*UTF8*$!
{
	archiveVersion = 1;
	classes = {
	};
	objectVersion = 48;
	objects = {

/* Begin PBXBuildFile section */
		082F8BB6201A0D9100DF9A6A /* AppDelegate.swift in Sources */ = {isa = PBXBuildFile; fileRef = 082F8BB5201A0D9100DF9A6A /* AppDelegate.swift */; };
		082F8BB8201A0D9100DF9A6A /* ViewController.swift in Sources */ = {isa = PBXBuildFile; fileRef = 082F8BB7201A0D9100DF9A6A /* ViewController.swift */; };
		082F8BBB201A0D9200DF9A6A /* Main.storyboard in Resources */ = {isa = PBXBuildFile; fileRef = 082F8BB9201A0D9200DF9A6A /* Main.storyboard */; };
		082F8BBD201A0D9200DF9A6A /* Assets.xcassets in Resources */ = {isa = PBXBuildFile; fileRef = 082F8BBC201A0D9200DF9A6A /* Assets.xcassets */; };
		082F8BC0201A0D9200DF9A6A /* LaunchScreen.storyboard in Resources */ = {isa = PBXBuildFile; fileRef = 082F8BBE201A0D9200DF9A6A /* LaunchScreen.storyboard */; };
		082F8BCA201A1EDD00DF9A6A /* ScrollViewController.m in Sources */ = {isa = PBXBuildFile; fileRef = 082F8BC9201A1EDD00DF9A6A /* ScrollViewController.m */; };
		4D34E36DF840B81AD4461CAA /* Pods_SvgImageSample.framework in Frameworks */ = {isa = PBXBuildFile; fileRef = 37C6BB3B20ADDAA3004A395F /* Pods_SvgImageSample.framework */; };
/* End PBXBuildFile section */

/* Begin PBXFileReference section */
		082F8BB2201A0D9100DF9A6A /* SvgImageSample.app */ = {isa = PBXFileReference; explicitFileType = wrapper.application; includeInIndex = 0; path = SvgImageSample.app; sourceTree = BUILT_PRODUCTS_DIR; };
		082F8BB5201A0D9100DF9A6A /* AppDelegate.swift */ = {isa = PBXFileReference; lastKnownFileType = sourcecode.swift; path = AppDelegate.swift; sourceTree = "<group>"; };
		082F8BB7201A0D9100DF9A6A /* ViewController.swift */ = {isa = PBXFileReference; lastKnownFileType = sourcecode.swift; path = ViewController.swift; sourceTree = "<group>"; };
		082F8BBA201A0D9200DF9A6A /* Base */ = {isa = PBXFileReference; lastKnownFileType = file.storyboard; name = Base; path = Base.lproj/Main.storyboard; sourceTree = "<group>"; };
		082F8BBC201A0D9200DF9A6A /* Assets.xcassets */ = {isa = PBXFileReference; lastKnownFileType = folder.assetcatalog; path = Assets.xcassets; sourceTree = "<group>"; };
		082F8BBF201A0D9200DF9A6A /* Base */ = {isa = PBXFileReference; lastKnownFileType = file.storyboard; name = Base; path = Base.lproj/LaunchScreen.storyboard; sourceTree = "<group>"; };
		082F8BC1201A0D9200DF9A6A /* Info.plist */ = {isa = PBXFileReference; lastKnownFileType = text.plist.xml; path = Info.plist; sourceTree = "<group>"; };
		082F8BC7201A1EDD00DF9A6A /* SvgImageSample-Bridging-Header.h */ = {isa = PBXFileReference; lastKnownFileType = sourcecode.c.h; path = "SvgImageSample-Bridging-Header.h"; sourceTree = "<group>"; };
		082F8BC8201A1EDD00DF9A6A /* ScrollViewController.h */ = {isa = PBXFileReference; lastKnownFileType = sourcecode.c.h; path = ScrollViewController.h; sourceTree = "<group>"; };
		082F8BC9201A1EDD00DF9A6A /* ScrollViewController.m */ = {isa = PBXFileReference; lastKnownFileType = sourcecode.c.objc; path = ScrollViewController.m; sourceTree = "<group>"; };
		37C6BB3B20ADDAA3004A395F /* Pods_SvgImageSample.framework */ = {isa = PBXFileReference; explicitFileType = wrapper.framework; includeInIndex = 0; path = Pods_SvgImageSample.framework; sourceTree = BUILT_PRODUCTS_DIR; };
		A2CEFA6D2901FB259BE43B91 /* Pods-SvgImageSample.debug.xcconfig */ = {isa = PBXFileReference; includeInIndex = 1; lastKnownFileType = text.xcconfig; name = "Pods-SvgImageSample.debug.xcconfig"; path = "Pods/Target Support Files/Pods-SvgImageSample/Pods-SvgImageSample.debug.xcconfig"; sourceTree = "<group>"; };
		DCC902A773B733E49215BD97 /* Pods-SvgImageSample.release.xcconfig */ = {isa = PBXFileReference; includeInIndex = 1; lastKnownFileType = text.xcconfig; name = "Pods-SvgImageSample.release.xcconfig"; path = "Pods/Target Support Files/Pods-SvgImageSample/Pods-SvgImageSample.release.xcconfig"; sourceTree = "<group>"; };
/* End PBXFileReference section */

/* Begin PBXFrameworksBuildPhase section */
		082F8BAF201A0D9100DF9A6A /* Frameworks */ = {
			isa = PBXFrameworksBuildPhase;
			buildActionMask = 2147483647;
			files = (
				4D34E36DF840B81AD4461CAA /* Pods_SvgImageSample.framework in Frameworks */,
			);
			runOnlyForDeploymentPostprocessing = 0;
		};
/* End PBXFrameworksBuildPhase section */

/* Begin PBXGroup section */
		082F8BA9201A0D9100DF9A6A = {
			isa = PBXGroup;
			children = (
				082F8BB4201A0D9100DF9A6A /* SvgImageSample */,
				082F8BB3201A0D9100DF9A6A /* Products */,
				C335D8936A8C3A45B04FE7CB /* Pods */,
				6399A74C268662F4F14CE25B /* Frameworks */,
			);
			sourceTree = "<group>";
		};
		082F8BB3201A0D9100DF9A6A /* Products */ = {
			isa = PBXGroup;
			children = (
				082F8BB2201A0D9100DF9A6A /* SvgImageSample.app */,
			);
			name = Products;
			sourceTree = "<group>";
		};
		082F8BB4201A0D9100DF9A6A /* SvgImageSample */ = {
			isa = PBXGroup;
			children = (
				082F8BB5201A0D9100DF9A6A /* AppDelegate.swift */,
				082F8BB7201A0D9100DF9A6A /* ViewController.swift */,
				082F8BB9201A0D9200DF9A6A /* Main.storyboard */,
				082F8BBC201A0D9200DF9A6A /* Assets.xcassets */,
				082F8BBE201A0D9200DF9A6A /* LaunchScreen.storyboard */,
				082F8BC1201A0D9200DF9A6A /* Info.plist */,
				082F8BC8201A1EDD00DF9A6A /* ScrollViewController.h */,
				082F8BC9201A1EDD00DF9A6A /* ScrollViewController.m */,
				082F8BC7201A1EDD00DF9A6A /* SvgImageSample-Bridging-Header.h */,
			);
			path = SvgImageSample;
			sourceTree = "<group>";
		};
		6399A74C268662F4F14CE25B /* Frameworks */ = {
			isa = PBXGroup;
			children = (
				37C6BB3B20ADDAA3004A395F /* Pods_SvgImageSample.framework */,
			);
			name = Frameworks;
			sourceTree = "<group>";
		};
		C335D8936A8C3A45B04FE7CB /* Pods */ = {
			isa = PBXGroup;
			children = (
				A2CEFA6D2901FB259BE43B91 /* Pods-SvgImageSample.debug.xcconfig */,
				DCC902A773B733E49215BD97 /* Pods-SvgImageSample.release.xcconfig */,
			);
			name = Pods;
			sourceTree = "<group>";
		};
/* End PBXGroup section */

/* Begin PBXNativeTarget section */
		082F8BB1201A0D9100DF9A6A /* SvgImageSample */ = {
			isa = PBXNativeTarget;
			buildConfigurationList = 082F8BC4201A0D9200DF9A6A /* Build configuration list for PBXNativeTarget "SvgImageSample" */;
			buildPhases = (
				3AE46A99F278FF4872CBDCCD /* [CP] Check Pods Manifest.lock */,
				082F8BAE201A0D9100DF9A6A /* Sources */,
				082F8BAF201A0D9100DF9A6A /* Frameworks */,
				082F8BB0201A0D9100DF9A6A /* Resources */,
				DAF990CA515E98A6D4E0F632 /* [CP] Embed Pods Frameworks */,
				010FD0ACC00FB1946B075F77 /* [CP] Copy Pods Resources */,
			);
			buildRules = (
			);
			dependencies = (
			);
			name = SvgImageSample;
			productName = SvgImageSample;
			productReference = 082F8BB2201A0D9100DF9A6A /* SvgImageSample.app */;
			productType = "com.apple.product-type.application";
		};
/* End PBXNativeTarget section */

/* Begin PBXProject section */
		082F8BAA201A0D9100DF9A6A /* Project object */ = {
			isa = PBXProject;
			attributes = {
				LastSwiftUpdateCheck = 0920;
				LastUpgradeCheck = 0920;
				ORGANIZATIONNAME = Appoets;
				TargetAttributes = {
					082F8BB1201A0D9100DF9A6A = {
						CreatedOnToolsVersion = 9.2;
						LastSwiftMigration = 0920;
						ProvisioningStyle = Automatic;
					};
				};
			};
			buildConfigurationList = 082F8BAD201A0D9100DF9A6A /* Build configuration list for PBXProject "SvgImageSample" */;
			compatibilityVersion = "Xcode 8.0";
			developmentRegion = en;
			hasScannedForEncodings = 0;
			knownRegions = (
				en,
				Base,
			);
			mainGroup = 082F8BA9201A0D9100DF9A6A;
			productRefGroup = 082F8BB3201A0D9100DF9A6A /* Products */;
			projectDirPath = "";
			projectRoot = "";
			targets = (
				082F8BB1201A0D9100DF9A6A /* SvgImageSample */,
			);
		};
/* End PBXProject section */

/* Begin PBXResourcesBuildPhase section */
		082F8BB0201A0D9100DF9A6A /* Resources */ = {
			isa = PBXResourcesBuildPhase;
			buildActionMask = 2147483647;
			files = (
				082F8BC0201A0D9200DF9A6A /* LaunchScreen.storyboard in Resources */,
				082F8BBD201A0D9200DF9A6A /* Assets.xcassets in Resources */,
				082F8BBB201A0D9200DF9A6A /* Main.storyboard in Resources */,
			);
			runOnlyForDeploymentPostprocessing = 0;
		};
/* End PBXResourcesBuildPhase section */

/* Begin PBXShellScriptBuildPhase section */
		010FD0ACC00FB1946B075F77 /* [CP] Copy Pods Resources */ = {
			isa = PBXShellScriptBuildPhase;
			buildActionMask = 2147483647;
			files = (
			);
			inputPaths = (
			);
			name = "[CP] Copy Pods Resources";
			outputPaths = (
			);
			runOnlyForDeploymentPostprocessing = 0;
			shellPath = /bin/sh;
			shellScript = "\"${SRCROOT}/Pods/Target Support Files/Pods-SvgImageSample/Pods-SvgImageSample-resources.sh\"\n";
			showEnvVarsInLog = 0;
		};
		3AE46A99F278FF4872CBDCCD /* [CP] Check Pods Manifest.lock */ = {
			isa = PBXShellScriptBuildPhase;
			buildActionMask = 2147483647;
			files = (
			);
			inputPaths = (
				"${PODS_PODFILE_DIR_PATH}/Podfile.lock",
				"${PODS_ROOT}/Manifest.lock",
			);
			name = "[CP] Check Pods Manifest.lock";
			outputPaths = (
				"$(DERIVED_FILE_DIR)/Pods-SvgImageSample-checkManifestLockResult.txt",
			);
			runOnlyForDeploymentPostprocessing = 0;
			shellPath = /bin/sh;
			shellScript = "diff \"${PODS_PODFILE_DIR_PATH}/Podfile.lock\" \"${PODS_ROOT}/Manifest.lock\" > /dev/null\nif [ $? != 0 ] ; then\n    # print error to STDERR\n    echo \"error: The sandbox is not in sync with the Podfile.lock. Run 'pod install' or update your CocoaPods installation.\" >&2\n    exit 1\nfi\n# This output is used by Xcode 'outputs' to avoid re-running this script phase.\necho \"SUCCESS\" > \"${SCRIPT_OUTPUT_FILE_0}\"\n";
			showEnvVarsInLog = 0;
		};
		DAF990CA515E98A6D4E0F632 /* [CP] Embed Pods Frameworks */ = {
			isa = PBXShellScriptBuildPhase;
			buildActionMask = 2147483647;
			files = (
			);
			inputPaths = (
				"${SRCROOT}/Pods/Target Support Files/Pods-SvgImageSample/Pods-SvgImageSample-frameworks.sh",
				"${BUILT_PRODUCTS_DIR}/SwiftSVG/SwiftSVG.framework",
			);
			name = "[CP] Embed Pods Frameworks";
			outputPaths = (
				"${TARGET_BUILD_DIR}/${FRAMEWORKS_FOLDER_PATH}/SwiftSVG.framework",
			);
			runOnlyForDeploymentPostprocessing = 0;
			shellPath = /bin/sh;
			shellScript = "\"${SRCROOT}/Pods/Target Support Files/Pods-SvgImageSample/Pods-SvgImageSample-frameworks.sh\"\n";
			showEnvVarsInLog = 0;
		};
/* End PBXShellScriptBuildPhase section */

/* Begin PBXSourcesBuildPhase section */
		082F8BAE201A0D9100DF9A6A /* Sources */ = {
			isa = PBXSourcesBuildPhase;
			buildActionMask = 2147483647;
			files = (
				082F8BCA201A1EDD00DF9A6A /* ScrollViewController.m in Sources */,
				082F8BB8201A0D9100DF9A6A /* ViewController.swift in Sources */,
				082F8BB6201A0D9100DF9A6A /* AppDelegate.swift in Sources */,
			);
			runOnlyForDeploymentPostprocessing = 0;
		};
/* End PBXSourcesBuildPhase section */

/* Begin PBXVariantGroup section */
		082F8BB9201A0D9200DF9A6A /* Main.storyboard */ = {
			isa = PBXVariantGroup;
			children = (
				082F8BBA201A0D9200DF9A6A /* Base */,
			);
			name = Main.storyboard;
			sourceTree = "<group>";
		};
		082F8BBE201A0D9200DF9A6A /* LaunchScreen.storyboard */ = {
			isa = PBXVariantGroup;
			children = (
				082F8BBF201A0D9200DF9A6A /* Base */,
			);
			name = LaunchScreen.storyboard;
			sourceTree = "<group>";
		};
/* End PBXVariantGroup section */

/* Begin XCBuildConfiguration section */
		082F8BC2201A0D9200DF9A6A /* Debug */ = {
			isa = XCBuildConfiguration;
			buildSettings = {
				ALWAYS_SEARCH_USER_PATHS = NO;
				CLANG_ANALYZER_NONNULL = YES;
				CLANG_ANALYZER_NUMBER_OBJECT_CONVERSION = YES_AGGRESSIVE;
				CLANG_CXX_LANGUAGE_STANDARD = "gnu++14";
				CLANG_CXX_LIBRARY = "libc++";
				CLANG_ENABLE_MODULES = YES;
				CLANG_ENABLE_OBJC_ARC = YES;
				CLANG_WARN_BLOCK_CAPTURE_AUTORELEASING = YES;
				CLANG_WARN_BOOL_CONVERSION = YES;
				CLANG_WARN_COMMA = YES;
				CLANG_WARN_CONSTANT_CONVERSION = YES;
				CLANG_WARN_DIRECT_OBJC_ISA_USAGE = YES_ERROR;
				CLANG_WARN_DOCUMENTATION_COMMENTS = YES;
				CLANG_WARN_EMPTY_BODY = YES;
				CLANG_WARN_ENUM_CONVERSION = YES;
				CLANG_WARN_INFINITE_RECURSION = YES;
				CLANG_WARN_INT_CONVERSION = YES;
				CLANG_WARN_NON_LITERAL_NULL_CONVERSION = YES;
				CLANG_WARN_OBJC_LITERAL_CONVERSION = YES;
				CLANG_WARN_OBJC_ROOT_CLASS = YES_ERROR;
				CLANG_WARN_RANGE_LOOP_ANALYSIS = YES;
				CLANG_WARN_STRICT_PROTOTYPES = YES;
				CLANG_WARN_SUSPICIOUS_MOVE = YES;
				CLANG_WARN_UNGUARDED_AVAILABILITY = YES_AGGRESSIVE;
				CLANG_WARN_UNREACHABLE_CODE = YES;
				CLANG_WARN__DUPLICATE_METHOD_MATCH = YES;
				CODE_SIGN_IDENTITY = "iPhone Developer";
				COPY_PHASE_STRIP = NO;
				DEBUG_INFORMATION_FORMAT = dwarf;
				ENABLE_STRICT_OBJC_MSGSEND = YES;
				ENABLE_TESTABILITY = YES;
				GCC_C_LANGUAGE_STANDARD = gnu11;
				GCC_DYNAMIC_NO_PIC = NO;
				GCC_NO_COMMON_BLOCKS = YES;
				GCC_OPTIMIZATION_LEVEL = 0;
				GCC_PREPROCESSOR_DEFINITIONS = (
					"DEBUG=1",
					"$(inherited)",
				);
				GCC_WARN_64_TO_32_BIT_CONVERSION = YES;
				GCC_WARN_ABOUT_RETURN_TYPE = YES_ERROR;
				GCC_WARN_UNDECLARED_SELECTOR = YES;
				GCC_WARN_UNINITIALIZED_AUTOS = YES_AGGRESSIVE;
				GCC_WARN_UNUSED_FUNCTION = YES;
				GCC_WARN_UNUSED_VARIABLE = YES;
				IPHONEOS_DEPLOYMENT_TARGET = 11.2;
				MTL_ENABLE_DEBUG_INFO = YES;
				ONLY_ACTIVE_ARCH = YES;
				SDKROOT = iphoneos;
				SWIFT_ACTIVE_COMPILATION_CONDITIONS = DEBUG;
				SWIFT_OPTIMIZATION_LEVEL = "-Onone";
			};
			name = Debug;
		};
		082F8BC3201A0D9200DF9A6A /* Release */ = {
			isa = XCBuildConfiguration;
			buildSettings = {
				ALWAYS_SEARCH_USER_PATHS = NO;
				CLANG_ANALYZER_NONNULL = YES;
				CLANG_ANALYZER_NUMBER_OBJECT_CONVERSION = YES_AGGRESSIVE;
				CLANG_CXX_LANGUAGE_STANDARD = "gnu++14";
				CLANG_CXX_LIBRARY = "libc++";
				CLANG_ENABLE_MODULES = YES;
				CLANG_ENABLE_OBJC_ARC = YES;
				CLANG_WARN_BLOCK_CAPTURE_AUTORELEASING = YES;
				CLANG_WARN_BOOL_CONVERSION = YES;
				CLANG_WARN_COMMA = YES;
				CLANG_WARN_CONSTANT_CONVERSION = YES;
				CLANG_WARN_DIRECT_OBJC_ISA_USAGE = YES_ERROR;
				CLANG_WARN_DOCUMENTATION_COMMENTS = YES;
				CLANG_WARN_EMPTY_BODY = YES;
				CLANG_WARN_ENUM_CONVERSION = YES;
				CLANG_WARN_INFINITE_RECURSION = YES;
				CLANG_WARN_INT_CONVERSION = YES;
				CLANG_WARN_NON_LITERAL_NULL_CONVERSION = YES;
				CLANG_WARN_OBJC_LITERAL_CONVERSION = YES;
				CLANG_WARN_OBJC_ROOT_CLASS = YES_ERROR;
				CLANG_WARN_RANGE_LOOP_ANALYSIS = YES;
				CLANG_WARN_STRICT_PROTOTYPES = YES;
				CLANG_WARN_SUSPICIOUS_MOVE = YES;
				CLANG_WARN_UNGUARDED_AVAILABILITY = YES_AGGRESSIVE;
				CLANG_WARN_UNREACHABLE_CODE = YES;
				CLANG_WARN__DUPLICATE_METHOD_MATCH = YES;
				CODE_SIGN_IDENTITY = "iPhone Developer";
				COPY_PHASE_STRIP = NO;
				DEBUG_INFORMATION_FORMAT = "dwarf-with-dsym";
				ENABLE_NS_ASSERTIONS = NO;
				ENABLE_STRICT_OBJC_MSGSEND = YES;
				GCC_C_LANGUAGE_STANDARD = gnu11;
				GCC_NO_COMMON_BLOCKS = YES;
				GCC_WARN_64_TO_32_BIT_CONVERSION = YES;
				GCC_WARN_ABOUT_RETURN_TYPE = YES_ERROR;
				GCC_WARN_UNDECLARED_SELECTOR = YES;
				GCC_WARN_UNINITIALIZED_AUTOS = YES_AGGRESSIVE;
				GCC_WARN_UNUSED_FUNCTION = YES;
				GCC_WARN_UNUSED_VARIABLE = YES;
				IPHONEOS_DEPLOYMENT_TARGET = 11.2;
				MTL_ENABLE_DEBUG_INFO = NO;
				SDKROOT = iphoneos;
				SWIFT_OPTIMIZATION_LEVEL = "-Owholemodule";
				VALIDATE_PRODUCT = YES;
			};
			name = Release;
		};
		082F8BC5201A0D9200DF9A6A /* Debug */ = {
			isa = XCBuildConfiguration;
			baseConfigurationReference = A2CEFA6D2901FB259BE43B91 /* Pods-SvgImageSample.debug.xcconfig */;
			buildSettings = {
				ASSETCATALOG_COMPILER_APPICON_NAME = AppIcon;
				CLANG_ENABLE_MODULES = YES;
				CODE_SIGN_STYLE = Automatic;
				DEVELOPMENT_TEAM = 4S6XZZR5Y9;
				INFOPLIST_FILE = SvgImageSample/Info.plist;
				LD_RUNPATH_SEARCH_PATHS = "$(inherited) @executable_path/Frameworks";
				PRODUCT_BUNDLE_IDENTIFIER = Appoets.SvgImageSample;
				PRODUCT_NAME = "$(TARGET_NAME)";
				SWIFT_OBJC_BRIDGING_HEADER = "SvgImageSample/SvgImageSample-Bridging-Header.h";
				SWIFT_OPTIMIZATION_LEVEL = "-Onone";
				SWIFT_VERSION = 4.0;
				TARGETED_DEVICE_FAMILY = "1,2";
			};
			name = Debug;
		};
		082F8BC6201A0D9200DF9A6A /* Release */ = {
			isa = XCBuildConfiguration;
			baseConfigurationReference = DCC902A773B733E49215BD97 /* Pods-SvgImageSample.release.xcconfig */;
			buildSettings = {
				ASSETCATALOG_COMPILER_APPICON_NAME = AppIcon;
				CLANG_ENABLE_MODULES = YES;
				CODE_SIGN_STYLE = Automatic;
				DEVELOPMENT_TEAM = 4S6XZZR5Y9;
				INFOPLIST_FILE = SvgImageSample/Info.plist;
				LD_RUNPATH_SEARCH_PATHS = "$(inherited) @executable_path/Frameworks";
				PRODUCT_BUNDLE_IDENTIFIER = Appoets.SvgImageSample;
				PRODUCT_NAME = "$(TARGET_NAME)";
				SWIFT_OBJC_BRIDGING_HEADER = "SvgImageSample/SvgImageSample-Bridging-Header.h";
				SWIFT_VERSION = 4.0;
				TARGETED_DEVICE_FAMILY = "1,2";
			};
			name = Release;
		};
/* End XCBuildConfiguration section */

/* Begin XCConfigurationList section */
		082F8BAD201A0D9100DF9A6A /* Build configuration list for PBXProject "SvgImageSample" */ = {
			isa = XCConfigurationList;
			buildConfigurations = (
				082F8BC2201A0D9200DF9A6A /* Debug */,
				082F8BC3201A0D9200DF9A6A /* Release */,
			);
			defaultConfigurationIsVisible = 0;
			defaultConfigurationName = Release;
		};
		082F8BC4201A0D9200DF9A6A /* Build configuration list for PBXNativeTarget "SvgImageSample" */ = {
			isa = XCConfigurationList;
			buildConfigurations = (
				082F8BC5201A0D9200DF9A6A /* Debug */,
				082F8BC6201A0D9200DF9A6A /* Release */,
			);
			defaultConfigurationIsVisible = 0;
			defaultConfigurationName = Release;
		};
/* End XCConfigurationList section */
	};
	rootObject = 082F8BAA201A0D9100DF9A6A /* Project object */;
}
